
Microsoft Visual Studio Solution File, Format Version 12.00
# Visual Studio 15
VisualStudioVersion = 15.0.26730.8
MinimumVisualStudioVersion = 10.0.40219.1
Project("{9A19103F-16F7-4668-BE54-9A1E7A4F7556}") = "WithSource.Mvc", "WithSource.Mvc\WithSource.Mvc.csproj", "{9B501E50-13C5-44C9-B8A5-4061AE57BB49}"
EndProject
Project("{9A19103F-16F7-4668-BE54-9A1E7A4F7556}") = "Microsoft.AspNetCore.Mvc", "Microsoft.AspNetCore.Mvc\Microsoft.AspNetCore.Mvc.csproj", "{0B32F113-DAAC-4BC6-847A-570430EE2626}"
EndProject
Project("{9A19103F-16F7-4668-BE54-9A1E7A4F7556}") = "Microsoft.AspNetCore.Mvc.Abstractions", "Microsoft.AspNetCore.Mvc.Abstractions\Microsoft.AspNetCore.Mvc.Abstractions.csproj", "{E16997FC-2586-4F44-AFF8-25478FA8C0F6}"
EndProject
Project("{9A19103F-16F7-4668-BE54-9A1E7A4F7556}") = "Microsoft.AspNetCore.Mvc.ApiExplorer", "Microsoft.AspNetCore.Mvc.ApiExplorer\Microsoft.AspNetCore.Mvc.ApiExplorer.csproj", "{4835073D-06AC-4BCD-B9B3-CE7D568CFEDB}"
EndProject
Project("{9A19103F-16F7-4668-BE54-9A1E7A4F7556}") = "Microsoft.AspNetCore.Mvc.Core", "Microsoft.AspNetCore.Mvc.Core\Microsoft.AspNetCore.Mvc.Core.csproj", "{83183638-6EA7-4F1C-89C6-EC10A128C2A8}"
EndProject
Project("{9A19103F-16F7-4668-BE54-9A1E7A4F7556}") = "Microsoft.AspNetCore.Mvc.Cors", "Microsoft.AspNetCore.Mvc.Cors\Microsoft.AspNetCore.Mvc.Cors.csproj", "{382ABDBB-33E6-41E9-B676-1E1B749C7B4E}"
EndProject
Project("{9A19103F-16F7-4668-BE54-9A1E7A4F7556}") = "Microsoft.AspNetCore.Mvc.DataAnnotations", "Microsoft.AspNetCore.Mvc.DataAnnotations\Microsoft.AspNetCore.Mvc.DataAnnotations.csproj", "{F3835159-725D-4F02-A377-DCF0A35B5BC4}"
EndProject
Project("{9A19103F-16F7-4668-BE54-9A1E7A4F7556}") = "Microsoft.AspNetCore.Mvc.Formatters.Json", "Microsoft.AspNetCore.Mvc.Formatters.Json\Microsoft.AspNetCore.Mvc.Formatters.Json.csproj", "{FDA3E09D-EC6E-47BE-9504-49F75A85C18C}"
EndProject
Project("{9A19103F-16F7-4668-BE54-9A1E7A4F7556}") = "Microsoft.AspNetCore.Mvc.Formatters.Xml", "Microsoft.AspNetCore.Mvc.Formatters.Xml\Microsoft.AspNetCore.Mvc.Formatters.Xml.csproj", "{EE8A8174-50CA-4CBA-B75C-5BE1B6C344AD}"
EndProject
Project("{9A19103F-16F7-4668-BE54-9A1E7A4F7556}") = "Microsoft.AspNetCore.Mvc.Localization", "Microsoft.AspNetCore.Mvc.Localization\Microsoft.AspNetCore.Mvc.Localization.csproj", "{09593D36-86C1-4DE3-8C04-F03E787D8EFC}"
EndProject
Project("{9A19103F-16F7-4668-BE54-9A1E7A4F7556}") = "Microsoft.AspNetCore.Mvc.Razor", "Microsoft.AspNetCore.Mvc.Razor\Microsoft.AspNetCore.Mvc.Razor.csproj", "{7468D614-9741-4477-B851-60FF02BDC988}"
EndProject
Project("{9A19103F-16F7-4668-BE54-9A1E7A4F7556}") = "Microsoft.AspNetCore.Mvc.RazorPages", "Microsoft.AspNetCore.Mvc.RazorPages\Microsoft.AspNetCore.Mvc.RazorPages.csproj", "{E9574034-DC4F-4969-AF16-FBC5B14CF2DF}"
EndProject
Project("{9A19103F-16F7-4668-BE54-9A1E7A4F7556}") = "Microsoft.AspNetCore.Mvc.TagHelpers", "Microsoft.AspNetCore.Mvc.TagHelpers\Microsoft.AspNetCore.Mvc.TagHelpers.csproj", "{A7D344F0-57C7-4710-8D03-DFFF9F95C69A}"
EndProject
Project("{9A19103F-16F7-4668-BE54-9A1E7A4F7556}") = "Microsoft.AspNetCore.Mvc.Testing", "Microsoft.AspNetCore.Mvc.Testing\Microsoft.AspNetCore.Mvc.Testing.csproj", "{D4543594-DBE3-4911-B6C3-B6B98A97EA8B}"
EndProject
Project("{9A19103F-16F7-4668-BE54-9A1E7A4F7556}") = "Microsoft.AspNetCore.Mvc.ViewFeatures", "Microsoft.AspNetCore.Mvc.ViewFeatures\Microsoft.AspNetCore.Mvc.ViewFeatures.csproj", "{7E2AC6B0-582C-47AB-A441-F910B539AE79}"
EndProject
Project("{9A19103F-16F7-4668-BE54-9A1E7A4F7556}") = "Microsoft.AspNetCore.Mvc.WebApiCompatShim", "Microsoft.AspNetCore.Mvc.WebApiCompatShim\Microsoft.AspNetCore.Mvc.WebApiCompatShim.csproj", "{3F50E0BC-1982-4E57-A07D-46224C96D542}"
EndProject
Global
	GlobalSection(SolutionConfigurationPlatforms) = preSolution
		Debug|Any CPU = Debug|Any CPU
		Release|Any CPU = Release|Any CPU
	EndGlobalSection
	GlobalSection(ProjectConfigurationPlatforms) = postSolution
		{9B501E50-13C5-44C9-B8A5-4061AE57BB49}.Debug|Any CPU.ActiveCfg = Debug|Any CPU
		{9B501E50-13C5-44C9-B8A5-4061AE57BB49}.Debug|Any CPU.Build.0 = Debug|Any CPU
		{9B501E50-13C5-44C9-B8A5-4061AE57BB49}.Release|Any CPU.ActiveCfg = Release|Any CPU
		{9B501E50-13C5-44C9-B8A5-4061AE57BB49}.Release|Any CPU.Build.0 = Release|Any CPU
		{0B32F113-DAAC-4BC6-847A-570430EE2626}.Debug|Any CPU.ActiveCfg = Debug|Any CPU
		{0B32F113-DAAC-4BC6-847A-570430EE2626}.Release|Any CPU.ActiveCfg = Release|Any CPU
		{0B32F113-DAAC-4BC6-847A-570430EE2626}.Release|Any CPU.Build.0 = Release|Any CPU
		{E16997FC-2586-4F44-AFF8-25478FA8C0F6}.Debug|Any CPU.ActiveCfg = Debug|Any CPU
		{E16997FC-2586-4F44-AFF8-25478FA8C0F6}.Release|Any CPU.ActiveCfg = Release|Any CPU
		{E16997FC-2586-4F44-AFF8-25478FA8C0F6}.Release|Any CPU.Build.0 = Release|Any CPU
		{4835073D-06AC-4BCD-B9B3-CE7D568CFEDB}.Debug|Any CPU.ActiveCfg = Debug|Any CPU
		{4835073D-06AC-4BCD-B9B3-CE7D568CFEDB}.Release|Any CPU.ActiveCfg = Release|Any CPU
		{4835073D-06AC-4BCD-B9B3-CE7D568CFEDB}.Release|Any CPU.Build.0 = Release|Any CPU
		{83183638-6EA7-4F1C-89C6-EC10A128C2A8}.Debug|Any CPU.ActiveCfg = Debug|Any CPU
		{83183638-6EA7-4F1C-89C6-EC10A128C2A8}.Release|Any CPU.ActiveCfg = Release|Any CPU
		{83183638-6EA7-4F1C-89C6-EC10A128C2A8}.Release|Any CPU.Build.0 = Release|Any CPU
		{382ABDBB-33E6-41E9-B676-1E1B749C7B4E}.Debug|Any CPU.ActiveCfg = Debug|Any CPU
		{382ABDBB-33E6-41E9-B676-1E1B749C7B4E}.Release|Any CPU.ActiveCfg = Release|Any CPU
		{382ABDBB-33E6-41E9-B676-1E1B749C7B4E}.Release|Any CPU.Build.0 = Release|Any CPU
		{F3835159-725D-4F02-A377-DCF0A35B5BC4}.Debug|Any CPU.ActiveCfg = Debug|Any CPU
		{F3835159-725D-4F02-A377-DCF0A35B5BC4}.Release|Any CPU.ActiveCfg = Release|Any CPU
		{F3835159-725D-4F02-A377-DCF0A35B5BC4}.Release|Any CPU.Build.0 = Release|Any CPU
		{FDA3E09D-EC6E-47BE-9504-49F75A85C18C}.Debug|Any CPU.ActiveCfg = Debug|Any CPU
		{FDA3E09D-EC6E-47BE-9504-49F75A85C18C}.Release|Any CPU.ActiveCfg = Release|Any CPU
		{FDA3E09D-EC6E-47BE-9504-49F75A85C18C}.Release|Any CPU.Build.0 = Release|Any CPU
		{EE8A8174-50CA-4CBA-B75C-5BE1B6C344AD}.Debug|Any CPU.ActiveCfg = Debug|Any CPU
		{EE8A8174-50CA-4CBA-B75C-5BE1B6C344AD}.Release|Any CPU.ActiveCfg = Release|Any CPU
		{EE8A8174-50CA-4CBA-B75C-5BE1B6C344AD}.Release|Any CPU.Build.0 = Release|Any CPU
		{09593D36-86C1-4DE3-8C04-F03E787D8EFC}.Debug|Any CPU.ActiveCfg = Debug|Any CPU
		{09593D36-86C1-4DE3-8C04-F03E787D8EFC}.Release|Any CPU.ActiveCfg = Release|Any CPU
		{09593D36-86C1-4DE3-8C04-F03E787D8EFC}.Release|Any CPU.Build.0 = Release|Any CPU
		{7468D614-9741-4477-B851-60FF02BDC988}.Debug|Any CPU.ActiveCfg = Debug|Any CPU
		{7468D614-9741-4477-B851-60FF02BDC988}.Release|Any CPU.ActiveCfg = Release|Any CPU
		{7468D614-9741-4477-B851-60FF02BDC988}.Release|Any CPU.Build.0 = Release|Any CPU
		{E9574034-DC4F-4969-AF16-FBC5B14CF2DF}.Debug|Any CPU.ActiveCfg = Debug|Any CPU
		{E9574034-DC4F-4969-AF16-FBC5B14CF2DF}.Release|Any CPU.ActiveCfg = Release|Any CPU
		{E9574034-DC4F-4969-AF16-FBC5B14CF2DF}.Release|Any CPU.Build.0 = Release|Any CPU
		{A7D344F0-57C7-4710-8D03-DFFF9F95C69A}.Debug|Any CPU.ActiveCfg = Debug|Any CPU
		{A7D344F0-57C7-4710-8D03-DFFF9F95C69A}.Release|Any CPU.ActiveCfg = Release|Any CPU
		{A7D344F0-57C7-4710-8D03-DFFF9F95C69A}.Release|Any CPU.Build.0 = Release|Any CPU
		{D4543594-DBE3-4911-B6C3-B6B98A97EA8B}.Debug|Any CPU.ActiveCfg = Debug|Any CPU
		{D4543594-DBE3-4911-B6C3-B6B98A97EA8B}.Release|Any CPU.ActiveCfg = Release|Any CPU
		{D4543594-DBE3-4911-B6C3-B6B98A97EA8B}.Release|Any CPU.Build.0 = Release|Any CPU
		{7E2AC6B0-582C-47AB-A441-F910B539AE79}.Debug|Any CPU.ActiveCfg = Debug|Any CPU
		{7E2AC6B0-582C-47AB-A441-F910B539AE79}.Release|Any CPU.ActiveCfg = Release|Any CPU
		{7E2AC6B0-582C-47AB-A441-F910B539AE79}.Release|Any CPU.Build.0 = Release|Any CPU
		{3F50E0BC-1982-4E57-A07D-46224C96D542}.Debug|Any CPU.ActiveCfg = Debug|Any CPU
		{3F50E0BC-1982-4E57-A07D-46224C96D542}.Release|Any CPU.ActiveCfg = Release|Any CPU
		{3F50E0BC-1982-4E57-A07D-46224C96D542}.Release|Any CPU.Build.0 = Release|Any CPU
	EndGlobalSection
	GlobalSection(SolutionProperties) = preSolution
		HideSolutionNode = FALSE
	EndGlobalSection
	GlobalSection(ExtensibilityGlobals) = postSolution
		SolutionGuid = {D490B8AF-FB2D-4A0F-8E3A-937292ECEE48}
	EndGlobalSection
EndGlobal
